# THIS IS AN AUTOGENERATED FILE. DO NOT EDIT THIS FILE DIRECTLY.
# yarn lockfile v1


evernote@^2.0.1-beta:
  version "2.0.1-beta"
  resolved "https://registry.yarnpkg.com/evernote/-/evernote-2.0.1-beta.tgz#75a4e6c224de3b9d946c6add9685505d62ebc72f"
  dependencies:
    oauth "^0.9.14"

lodash@^4.17.4:
  version "4.17.4"
  resolved "https://registry.yarnpkg.com/lodash/-/lodash-4.17.4.tgz#78203a4d1c328ae1d86dca6460e369b57f4055ae"

oauth@^0.9.14:
  version "0.9.15"
  resolved "https://registry.yarnpkg.com/oauth/-/oauth-0.9.15.tgz#bd1fefaf686c96b75475aed5196412ff60cfb9c1"
